lockfileVersion: 5.3

specifiers:
  '@digitak/gravity': ^0.0.43
  '@digitak/gravity-svelte': ^0.0.43
  svelte: ^3.47.0

dependencies:
  '@digitak/gravity': 0.0.43
  '@digitak/gravity-svelte': 0.0.43_svelte@3.47.0

devDependencies:
  svelte: 3.47.0

packages:

  /@digitak/bunker/3.3.3:
    resolution: {integrity: sha512-mALnXJkunj0wqSP2bXt4ghPWx73dWsLjfdOWXwIMaCbvdVhSZYQX05ZhrQgxPR7R7CcSI555mbo7bq9GP5lhOw==}
    dev: false

  /@digitak/gravity-svelte/0.0.43_svelte@3.47.0:
    resolution: {integrity: sha512-4yhVOmswqBfiRq1D+scRnSSGkWvcaCepdLsNMSX6iGrpvpCep5UphEJS3ppoTAnzGuV301ZiV/QBQ8f+UlG7/Q==}
    peerDependencies:
      svelte: ^3
    dependencies:
      '@digitak/gravity': 0.0.43
      svelte: 3.47.0
    dev: false

  /@digitak/gravity/0.0.43:
    resolution: {integrity: sha512-gQIJ0Gnzf1e+TM6sngEonia2+syMbkLihWZcOcsvfsyO+hcWNN8gymGvQy8HIZkaZ+wS0mzNZHxPcpdgPi+zPw==}
    dependencies:
      '@digitak/bunker': 3.3.3
      '@digitak/print': 1.1.4
    dev: false

  /@digitak/print/1.1.4:
    resolution: {integrity: sha512-0RHK/VmKO/JXxvDjpUJo1IwYVf+ZSBx543sk8FVBegp9pUPkGnSnd9waQv5yBLuaRg+WneNiFBmnhOKdPV4pOQ==}
    dev: false

  /svelte/3.47.0:
    resolution: {integrity: sha512-4JaJp3HEoTCGARRWZQIZDUanhYv0iyoHikklVHVLH9xFE9db22g4TDv7CPeNA8HD1JgjXI1vlhR1JZvvhaTu2Q==}
    engines: {node: '>= 8'}
    dev: true
