lockfileVersion: 5.3

specifiers:
  '@digitak/esrun': ^3.1.2
  '@sveltejs/adapter-auto': next
  '@sveltejs/adapter-static': ^1.0.0-next.28
  '@sveltejs/kit': next
  '@types/js-yaml': ^4.0.5
  '@types/markdown-it': ^12.2.3
  chokidar-cli: ^3.0.0
  fast-glob: ^3.2.11
  fs-extra: ^10.0.1
  js-yaml: ^4.1.0
  magic-string: ^0.26.1
  markdown-it: ^12.3.2
  markdown-it-shiki-twoslash: ^2.0.23
  prettier: ^2.5.1
  prettier-plugin-svelte: ^2.5.0
  sass: ^1.49.9
  svelte: ^3.44.0
  svelte-check: ^2.2.6
  svelte-material-icons: ^2.0.0
  svelte-preprocess: ^4.10.1
  tslib: ^2.3.1
  typescript: ~4.5.4

dependencies:
  sass: 1.49.9

devDependencies:
  '@digitak/esrun': 3.1.2
  '@sveltejs/adapter-auto': 1.0.0-next.34
  '@sveltejs/adapter-static': 1.0.0-next.28
  '@sveltejs/kit': 1.0.0-next.304_sass@1.49.9+svelte@3.46.4
  '@types/js-yaml': 4.0.5
  '@types/markdown-it': 12.2.3
  chokidar-cli: 3.0.0
  fast-glob: 3.2.11
  fs-extra: 10.0.1
  js-yaml: 4.1.0
  magic-string: 0.26.1
  markdown-it: 12.3.2
  markdown-it-shiki-twoslash: 2.0.23
  prettier: 2.5.1
  prettier-plugin-svelte: 2.6.0_prettier@2.5.1+svelte@3.46.4
  svelte: 3.46.4
  svelte-check: 2.4.5_sass@1.49.9+svelte@3.46.4
  svelte-material-icons: 2.0.0
  svelte-preprocess: 4.10.4_823e58c2ad1581bc439b02283f0330d6
  tslib: 2.3.1
  typescript: 4.5.5

packages:

  /@digitak/esrun/3.1.2:
    resolution: {integrity: sha512-15zbkLp7Ex8uPEO92GZKygdXkRBovLEN7l2rSmbNT7mRY89MXYjwUqiKe+SWWOw1B1vTuMiabPWouGLWA8q5qg==}
    engines: {node: '>=14.0'}
    hasBin: true
    dependencies:
      anymatch: 3.1.2
      chokidar: 3.5.3
      esbuild: 0.12.29
    dev: true

  /@iarna/toml/2.2.5:
    resolution: {integrity: sha512-trnsAYxU3xnS1gPHPyU961coFyLkh4gAD/0zQ5mymY4yOZ+CYvsPqUbOFSw0aDM4y0tV7tiFxL/1XfXPNC6IPg==}
    dev: true

  /@nodelib/fs.scandir/2.1.5:
    resolution: {integrity: sha512-vq24Bq3ym5HEQm2NKCr3yXDwjc7vTsEThRDnkp2DK9p1uqLR+DHurm/NOTo0KG7HYHU7eppKZj3MyqYuMBf62g==}
    engines: {node: '>= 8'}
    dependencies:
      '@nodelib/fs.stat': 2.0.5
      run-parallel: 1.2.0
    dev: true

  /@nodelib/fs.stat/2.0.5:
    resolution: {integrity: sha512-RkhPPp2zrqDAQA/2jNhnztcPAlv64XdhIp7a7454A5ovI7Bukxgt7MX7udwAu3zg1DcpPU0rz3VV1SeaqvY4+A==}
    engines: {node: '>= 8'}
    dev: true

  /@nodelib/fs.walk/1.2.8:
    resolution: {integrity: sha512-oGB+UxlgWcgQkgwo8GcEGwemoTFt3FIO9ababBmaGwXIoBKZ+GTy0pP185beGg7Llih/NSHSV2XAs1lnznocSg==}
    engines: {node: '>= 8'}
    dependencies:
      '@nodelib/fs.scandir': 2.1.5
      fastq: 1.13.0
    dev: true

  /@rollup/pluginutils/4.1.2:
    resolution: {integrity: sha512-ROn4qvkxP9SyPeHaf7uQC/GPFY6L/OWy9+bd9AwcjOAWQwxRscoEyAUD8qCY5o5iL4jqQwoLk2kaTKJPb/HwzQ==}
    engines: {node: '>= 8.0.0'}
    dependencies:
      estree-walker: 2.0.2
      picomatch: 2.3.1
    dev: true

  /@sveltejs/adapter-auto/1.0.0-next.34:
    resolution: {integrity: sha512-BzZVfy39idFojauroLrE/v9paJ1/HOlS2R857ooCwaLg+RrRy6zJHWwYxNSv5e8AaZiVg7ioZZpU/2g6ZgUpaQ==}
    dependencies:
      '@sveltejs/adapter-cloudflare': 1.0.0-next.17
      '@sveltejs/adapter-netlify': 1.0.0-next.51
      '@sveltejs/adapter-vercel': 1.0.0-next.47
    dev: true

  /@sveltejs/adapter-cloudflare/1.0.0-next.17:
    resolution: {integrity: sha512-B2ze5L0LsHFsZctVNy4sw0XxgV2YiVEHyMrWRo3pmpTwpu6GT5V3U2fsEoCMg/RKMazlWkyKTCuUqmcpYjjf2g==}
    dependencies:
      esbuild: 0.14.29
      worktop: 0.8.0-next.12
    dev: true

  /@sveltejs/adapter-netlify/1.0.0-next.51:
    resolution: {integrity: sha512-P7/cW/0z8zd8J6DOI2yxKZG0+HRMMuzfOf0yzFXX0vRwBePhKlZ/H4qhTOo2NrCmj3Len545o+ugj5gyMXl1+g==}
    dependencies:
      '@iarna/toml': 2.2.5
      esbuild: 0.14.29
      tiny-glob: 0.2.9
    dev: true

  /@sveltejs/adapter-static/1.0.0-next.28:
    resolution: {integrity: sha512-c4xLyeSwnbGQxe4f1SLpHTbxZDm3TEr43scR3tOlVgQN+mnAL9aDdl3nTtdzWmrUDmDEmY4GriAwLyFLZuINLw==}
    dependencies:
      tiny-glob: 0.2.9
    dev: true

  /@sveltejs/adapter-vercel/1.0.0-next.47:
    resolution: {integrity: sha512-VV3vP8KqL9XOc7xfQLVhXTM5jrTme+r1qJy98u5/dhAhkdjqrGDwAKo/s7MoB3rTYxLb2b8I4QxAaoz2Y2aIBg==}
    dependencies:
      esbuild: 0.14.29
    dev: true

  /@sveltejs/kit/1.0.0-next.304_sass@1.49.9+svelte@3.46.4:
    resolution: {integrity: sha512-3+bCoDsF2Omolx51lK6+4Zgr8NYge8USxKpZpAg8OfonEW8L4GToyV4g+udLMCI3CC4QEw3eS1RFUj9UxLf2NQ==}
    engines: {node: '>=14.13'}
    hasBin: true
    peerDependencies:
      svelte: ^3.44.0
    dependencies:
      '@sveltejs/vite-plugin-svelte': 1.0.0-next.39_svelte@3.46.4+vite@2.9.1
      sade: 1.8.1
      svelte: 3.46.4
      vite: 2.9.1_sass@1.49.9
    transitivePeerDependencies:
      - diff-match-patch
      - less
      - sass
      - stylus
      - supports-color
    dev: true

  /@sveltejs/vite-plugin-svelte/1.0.0-next.39_svelte@3.46.4+vite@2.9.1:
    resolution: {integrity: sha512-gnvvcAW2LK+KnUn8lKb2ypcXKwSp2K57mem5C4VNKfjxdRpM6+XwNavWwVf6otnDhz3qPYl/TKKW6/dRr6eeAw==}
    engines: {node: ^14.13.1 || >= 16}
    peerDependencies:
      diff-match-patch: ^1.0.5
      svelte: ^3.44.0
      vite: ^2.7.0
    peerDependenciesMeta:
      diff-match-patch:
        optional: true
    dependencies:
      '@rollup/pluginutils': 4.1.2
      debug: 4.3.3
      kleur: 4.1.4
      magic-string: 0.25.9
      svelte: 3.46.4
      svelte-hmr: 0.14.10_svelte@3.46.4
      vite: 2.9.1_sass@1.49.9
    transitivePeerDependencies:
      - supports-color
    dev: true

  /@types/js-yaml/4.0.5:
    resolution: {integrity: sha512-FhpRzf927MNQdRZP0J5DLIdTXhjLYzeUTmLAu69mnVksLH9CJY3IuSeEgbKUki7GQZm0WqDkGzyxju2EZGD2wA==}
    dev: true

  /@types/linkify-it/3.0.2:
    resolution: {integrity: sha512-HZQYqbiFVWufzCwexrvh694SOim8z2d+xJl5UNamcvQFejLY/2YUtzXHYi3cHdI7PMlS8ejH2slRAOJQ32aNbA==}
    dev: true

  /@types/markdown-it/12.2.3:
    resolution: {integrity: sha512-GKMHFfv3458yYy+v/N8gjufHO6MSZKCOXpZc5GXIWWy8uldwfmPn98vp81gZ5f9SVw8YYBctgfJ22a2d7AOMeQ==}
    dependencies:
      '@types/linkify-it': 3.0.2
      '@types/mdurl': 1.0.2
    dev: true

  /@types/mdurl/1.0.2:
    resolution: {integrity: sha512-eC4U9MlIcu2q0KQmXszyn5Akca/0jrQmwDRgpAMJai7qBWq4amIQhZyNau4VYGtCeALvW1/NtjzJJ567aZxfKA==}
    dev: true

  /@types/node/17.0.21:
    resolution: {integrity: sha512-DBZCJbhII3r90XbQxI8Y9IjjiiOGlZ0Hr32omXIZvwwZ7p4DMMXGrKXVyPfuoBOri9XNtL0UK69jYIBIsRX3QQ==}
    dev: true

  /@types/pug/2.0.6:
    resolution: {integrity: sha512-SnHmG9wN1UVmagJOnyo/qkk0Z7gejYxOYYmaAwr5u2yFYfsupN3sg10kyzN8Hep/2zbHxCnsumxOoRIRMBwKCg==}
    dev: true

  /@types/sass/1.43.1:
    resolution: {integrity: sha512-BPdoIt1lfJ6B7rw35ncdwBZrAssjcwzI5LByIrYs+tpXlj/CAkuVdRsgZDdP4lq5EjyWzwxZCqAoFyHKFwp32g==}
    dependencies:
      '@types/node': 17.0.21
    dev: true

  /@types/unist/2.0.6:
    resolution: {integrity: sha512-PBjIUxZHOuj0R15/xuwJYjFi+KZdNFrehocChv4g5hu6aFroHue8m0lBP0POdK2nKzbw0cgV1mws8+V/JAcEkQ==}
    dev: true

  /@typescript/twoslash/3.1.0:
    resolution: {integrity: sha512-kTwMUQ8xtAZaC4wb2XuLkPqFVBj2dNBueMQ89NWEuw87k2nLBbuafeG5cob/QEr6YduxIdTVUjix0MtC7mPlmg==}
    dependencies:
      '@typescript/vfs': 1.3.5
      debug: 4.3.3
      lz-string: 1.4.4
    transitivePeerDependencies:
      - supports-color
    dev: true

  /@typescript/vfs/1.3.4:
    resolution: {integrity: sha512-RbyJiaAGQPIcAGWFa3jAXSuAexU4BFiDRF1g3hy7LmRqfNpYlTQWGXjcrOaVZjJ8YkkpuwG0FcsYvtWQpd9igQ==}
    dependencies:
      debug: 4.3.3
    transitivePeerDependencies:
      - supports-color
    dev: true

  /@typescript/vfs/1.3.5:
    resolution: {integrity: sha512-pI8Saqjupf9MfLw7w2+og+fmb0fZS0J6vsKXXrp4/PDXEFvntgzXmChCXC/KefZZS0YGS6AT8e0hGAJcTsdJlg==}
    dependencies:
      debug: 4.3.3
    transitivePeerDependencies:
      - supports-color
    dev: true

  /ansi-regex/4.1.1:
    resolution: {integrity: sha512-ILlv4k/3f6vfQ4OoP2AGvirOktlQ98ZEL1k9FaQjxa3L1abBgbuTDAdPOpvbGncC0BTVQrl+OM8xZGK6tWXt7g==}
    engines: {node: '>=6'}
    dev: true

  /ansi-styles/3.2.1:
    resolution: {integrity: sha512-VT0ZI6kZRdTh8YyJw3SMbYm/u+NqfsAxEpWO0Pf9sq8/e94WxxOpPKx9FR1FlyCtOVDNOQ+8ntlqFxiRc+r5qA==}
    engines: {node: '>=4'}
    dependencies:
      color-convert: 1.9.3
    dev: true

  /anymatch/3.1.2:
    resolution: {integrity: sha512-P43ePfOAIupkguHUycrc4qJ9kz8ZiuOUijaETwX7THt0Y/GNK7v0aa8rY816xWjZ7rJdA5XdMcpVFTKMq+RvWg==}
    engines: {node: '>= 8'}
    dependencies:
      normalize-path: 3.0.0
      picomatch: 2.3.1

  /argparse/2.0.1:
    resolution: {integrity: sha512-8+9WqebbFzpX9OR+Wa6O29asIogeRMzcGtAINdpMHHyAg10f05aSFVBbcEqGf/PXw1EjAZ+q2/bEBg3DvurK3Q==}
    dev: true

  /balanced-match/1.0.2:
    resolution: {integrity: sha512-3oSeUO0TMV67hN1AmbXsK4yaqU7tjiHlbxRDZOpH0KW9+CeX4bRAaX0Anxt0tx2MrpRpWwQaPwIlISEJhYU5Pw==}
    dev: true

  /binary-extensions/2.2.0:
    resolution: {integrity: sha512-jDctJ/IVQbZoJykoeHbhXpOlNBqGNcwXJKJog42E5HDPUwQTSdjCHdihjj0DlnheQ7blbT6dHOafNAiS8ooQKA==}
    engines: {node: '>=8'}

  /bindings/1.5.0:
    resolution: {integrity: sha512-p2q/t/mhvuOj/UeLlV6566GD/guowlr0hHxClI0W9m7MWYkL1F0hLo+0Aexs9HSPCtR1SXQ0TD3MMKrXZajbiQ==}
    dependencies:
      file-uri-to-path: 1.0.0
    dev: true

  /brace-expansion/1.1.11:
    resolution: {integrity: sha512-iCuPHDFgrHX7H2vEI/5xpz07zSHB00TpugqhmYtVmMO6518mCuRMoOYFldEBl0g187ufozdaHgWKcYFb61qGiA==}
    dependencies:
      balanced-match: 1.0.2
      concat-map: 0.0.1
    dev: true

  /braces/3.0.2:
    resolution: {integrity: sha512-b8um+L1RzM3WDSzvhm6gIz1yfTbBt6YTlcEKAvsmqCZZFw46z626lVj9j1yEPW33H5H+lBQpZMP1k8l+78Ha0A==}
    engines: {node: '>=8'}
    dependencies:
      fill-range: 7.0.1

  /buffer-crc32/0.2.13:
    resolution: {integrity: sha1-DTM+PwDqxQqhRUq9MO+MKl2ackI=}
    dev: true

  /callsites/3.1.0:
    resolution: {integrity: sha512-P8BjAsXvZS+VIDUI11hHCQEv74YT67YUi5JJFNWIqL235sBmjX4+qx9Muvls5ivyNENctx46xQLQ3aTuE7ssaQ==}
    engines: {node: '>=6'}
    dev: true

  /camelcase/5.3.1:
    resolution: {integrity: sha512-L28STB170nwWS63UjtlEOE3dldQApaJXZkOI1uMFfzf3rRuPegHaHesyee+YxQ+W6SvRDQV6UrdOdRiR153wJg==}
    engines: {node: '>=6'}
    dev: true

  /chokidar-cli/3.0.0:
    resolution: {integrity: sha512-xVW+Qeh7z15uZRxHOkP93Ux8A0xbPzwK4GaqD8dQOYc34TlkqUhVSS59fK36DOp5WdJlrRzlYSy02Ht99FjZqQ==}
    engines: {node: '>= 8.10.0'}
    hasBin: true
    dependencies:
      chokidar: 3.5.3
      lodash.debounce: 4.0.8
      lodash.throttle: 4.1.1
      yargs: 13.3.2
    dev: true

  /chokidar/3.5.3:
    resolution: {integrity: sha512-Dr3sfKRP6oTcjf2JmUmFJfeVMvXBdegxB0iVQ5eb2V10uFJUCAS8OByZdVAyVb8xXNz3GjjTgj9kLWsZTqE6kw==}
    engines: {node: '>= 8.10.0'}
    dependencies:
      anymatch: 3.1.2
      braces: 3.0.2
      glob-parent: 5.1.2
      is-binary-path: 2.1.0
      is-glob: 4.0.3
      normalize-path: 3.0.0
      readdirp: 3.6.0
    optionalDependencies:
      fsevents: 2.3.2

  /cliui/5.0.0:
    resolution: {integrity: sha512-PYeGSEmmHM6zvoef2w8TPzlrnNpXIjTipYK780YswmIP9vjxmd6Y2a3CB2Ks6/AU8NHjZugXvo8w3oWM2qnwXA==}
    dependencies:
      string-width: 3.1.0
      strip-ansi: 5.2.0
      wrap-ansi: 5.1.0
    dev: true

  /color-convert/1.9.3:
    resolution: {integrity: sha512-QfAUtd+vFdAtFQcC8CCyYt1fYWxSqAiK2cSD6zDB8N3cpsEBAvRxp9zOGg6G/SHHJYAT88/az/IuDGALsNVbGg==}
    dependencies:
      color-name: 1.1.3
    dev: true

  /color-name/1.1.3:
    resolution: {integrity: sha1-p9BVi9icQveV3UIyj3QIMcpTvCU=}
    dev: true

  /concat-map/0.0.1:
    resolution: {integrity: sha1-2Klr13/Wjfd5OnMDajug1UBdR3s=}
    dev: true

  /deasync/0.1.26:
    resolution: {integrity: sha512-YKw0BmJSWxkjtQsbgn6Q9CHSWB7DKMen8vKrgyC006zy0UZ6nWyGidB0IzZgqkVRkOglAeUaFtiRTeLyel72bg==}
    engines: {node: '>=0.11.0'}
    requiresBuild: true
    dependencies:
      bindings: 1.5.0
      node-addon-api: 1.7.2
    dev: true

  /debug/4.3.3:
    resolution: {integrity: sha512-/zxw5+vh1Tfv+4Qn7a5nsbcJKPaSvCDhojn6FEl9vupwK2VCSDtEiEtqr8DFtzYFOdz63LBkxec7DYuc2jon6Q==}
    engines: {node: '>=6.0'}
    peerDependencies:
      supports-color: '*'
    peerDependenciesMeta:
      supports-color:
        optional: true
    dependencies:
      ms: 2.1.2
    dev: true

  /decamelize/1.2.0:
    resolution: {integrity: sha1-9lNNFRSCabIDUue+4m9QH5oZEpA=}
    engines: {node: '>=0.10.0'}
    dev: true

  /detect-indent/6.1.0:
    resolution: {integrity: sha512-reYkTUJAZb9gUuZ2RvVCNhVHdg62RHnJ7WJl8ftMi4diZ6NWlciOzQN88pUhSELEwflJht4oQDv0F0BMlwaYtA==}
    engines: {node: '>=8'}
    dev: true

  /emoji-regex/7.0.3:
    resolution: {integrity: sha512-CwBLREIQ7LvYFB0WyRvwhq5N5qPhc6PMjD6bYggFlI5YyDgl+0vxq5VHbMOFqLg7hfWzmu8T5Z1QofhmTIhItA==}
    dev: true

  /entities/2.1.0:
    resolution: {integrity: sha512-hCx1oky9PFrJ611mf0ifBLBRW8lUUVRlFolb5gWRfIELabBlbp9xZvrqZLZAs+NxFnbfQoeGd8wDkygjg7U85w==}
    dev: true

  /es6-promise/3.3.1:
    resolution: {integrity: sha1-oIzd6EzNvzTQJ6FFG8kdS80ophM=}
    dev: true

  /esbuild-android-64/0.14.29:
    resolution: {integrity: sha512-tJuaN33SVZyiHxRaVTo1pwW+rn3qetJX/SRuc/83rrKYtyZG0XfsQ1ao1nEudIt9w37ZSNXR236xEfm2C43sbw==}
    engines: {node: '>=12'}
    cpu: [x64]
    os: [android]
    requiresBuild: true
    dev: true
    optional: true

  /esbuild-android-arm64/0.14.29:
    resolution: {integrity: sha512-D74dCv6yYnMTlofVy1JKiLM5JdVSQd60/rQfJSDP9qvRAI0laPXIG/IXY1RG6jobmFMUfL38PbFnCqyI/6fPXg==}
    engines: {node: '>=12'}
    cpu: [arm64]
    os: [android]
    requiresBuild: true
    dev: true
    optional: true

  /esbuild-darwin-64/0.14.29:
    resolution: {integrity: sha512-+CJaRvfTkzs9t+CjGa0Oa28WoXa7EeLutQhxus+fFcu0MHhsBhlmeWHac3Cc/Sf/xPi1b2ccDFfzGYJCfV0RrA==}
    engines: {node: '>=12'}
    cpu: [x64]
    os: [darwin]
    requiresBuild: true
    dev: true
    optional: true

  /esbuild-darwin-arm64/0.14.29:
    resolution: {integrity: sha512-5Wgz/+zK+8X2ZW7vIbwoZ613Vfr4A8HmIs1XdzRmdC1kG0n5EG5fvKk/jUxhNlrYPx1gSY7XadQ3l4xAManPSw==}
    engines: {node: '>=12'}
    cpu: [arm64]
    os: [darwin]
    requiresBuild: true
    dev: true
    optional: true

  /esbuild-freebsd-64/0.14.29:
    resolution: {integrity: sha512-VTfS7Bm9QA12JK1YXF8+WyYOfvD7WMpbArtDj6bGJ5Sy5xp01c/q70Arkn596aGcGj0TvQRplaaCIrfBG1Wdtg==}
    engines: {node: '>=12'}
    cpu: [x64]
    os: [freebsd]
    requiresBuild: true
    dev: true
    optional: true

  /esbuild-freebsd-arm64/0.14.29:
    resolution: {integrity: sha512-WP5L4ejwLWWvd3Fo2J5mlXvG3zQHaw5N1KxFGnUc4+2ZFZknP0ST63i0IQhpJLgEJwnQpXv2uZlU1iWZjFqEIg==}
    engines: {node: '>=12'}
    cpu: [arm64]
    os: [freebsd]
    requiresBuild: true
    dev: true
    optional: true

  /esbuild-linux-32/0.14.29:
    resolution: {integrity: sha512-4myeOvFmQBWdI2U1dEBe2DCSpaZyjdQtmjUY11Zu2eQg4ynqLb8Y5mNjNU9UN063aVsCYYfbs8jbken/PjyidA==}
    engines: {node: '>=12'}
    cpu: [ia32]
    os: [linux]
    requiresBuild: true
    dev: true
    optional: true

  /esbuild-linux-64/0.14.29:
    resolution: {integrity: sha512-iaEuLhssReAKE7HMwxwFJFn7D/EXEs43fFy5CJeA4DGmU6JHh0qVJD2p/UP46DvUXLRKXsXw0i+kv5TdJ1w5pg==}
    engines: {node: '>=12'}
    cpu: [x64]
    os: [linux]
    requiresBuild: true
    dev: true
    optional: true

  /esbuild-linux-arm/0.14.29:
    resolution: {integrity: sha512-OXa9D9QL1hwrAnYYAHt/cXAuSCmoSqYfTW/0CEY0LgJNyTxJKtqc5mlwjAZAvgyjmha0auS/sQ0bXfGf2wAokQ==}
    engines: {node: '>=12'}
    cpu: [arm]
    os: [linux]
    requiresBuild: true
    dev: true
    optional: true

  /esbuild-linux-arm64/0.14.29:
    resolution: {integrity: sha512-KYf7s8wDfUy+kjKymW3twyGT14OABjGHRkm9gPJ0z4BuvqljfOOUbq9qT3JYFnZJHOgkr29atT//hcdD0Pi7Mw==}
    engines: {node: '>=12'}
    cpu: [arm64]
    os: [linux]
    requiresBuild: true
    dev: true
    optional: true

  /esbuild-linux-mips64le/0.14.29:
    resolution: {integrity: sha512-05jPtWQMsZ1aMGfHOvnR5KrTvigPbU35BtuItSSWLI2sJu5VrM8Pr9Owym4wPvA4153DFcOJ1EPN/2ujcDt54g==}
    engines: {node: '>=12'}
    cpu: [mips64el]
    os: [linux]
    requiresBuild: true
    dev: true
    optional: true

  /esbuild-linux-ppc64le/0.14.29:
    resolution: {integrity: sha512-FYhBqn4Ir9xG+f6B5VIQVbRuM4S6qwy29dDNYFPoxLRnwTEKToIYIUESN1qHyUmIbfO0YB4phG2JDV2JDN9Kgw==}
    engines: {node: '>=12'}
    cpu: [ppc64]
    os: [linux]
    requiresBuild: true
    dev: true
    optional: true

  /esbuild-linux-riscv64/0.14.29:
    resolution: {integrity: sha512-eqZMqPehkb4nZcffnuOpXJQdGURGd6GXQ4ZsDHSWyIUaA+V4FpMBe+5zMPtXRD2N4BtyzVvnBko6K8IWWr36ew==}
    engines: {node: '>=12'}
    cpu: [riscv64]
    os: [linux]
    requiresBuild: true
    dev: true
    optional: true

  /esbuild-linux-s390x/0.14.29:
    resolution: {integrity: sha512-o7EYajF1rC/4ho7kpSG3gENVx0o2SsHm7cJ5fvewWB/TEczWU7teDgusGSujxCYcMottE3zqa423VTglNTYhjg==}
    engines: {node: '>=12'}
    cpu: [s390x]
    os: [linux]
    requiresBuild: true
    dev: true
    optional: true

  /esbuild-netbsd-64/0.14.29:
    resolution: {integrity: sha512-/esN6tb6OBSot6+JxgeOZeBk6P8V/WdR3GKBFeFpSqhgw4wx7xWUqPrdx4XNpBVO7X4Ipw9SAqgBrWHlXfddww==}
    engines: {node: '>=12'}
    cpu: [x64]
    os: [netbsd]
    requiresBuild: true
    dev: true
    optional: true

  /esbuild-openbsd-64/0.14.29:
    resolution: {integrity: sha512-jUTdDzhEKrD0pLpjmk0UxwlfNJNg/D50vdwhrVcW/D26Vg0hVbthMfb19PJMatzclbK7cmgk1Nu0eNS+abzoHw==}
    engines: {node: '>=12'}
    cpu: [x64]
    os: [openbsd]
    requiresBuild: true
    dev: true
    optional: true

  /esbuild-sunos-64/0.14.29:
    resolution: {integrity: sha512-EfhQN/XO+TBHTbkxwsxwA7EfiTHFe+MNDfxcf0nj97moCppD9JHPq48MLtOaDcuvrTYOcrMdJVeqmmeQ7doTcg==}
    engines: {node: '>=12'}
    cpu: [x64]
    os: [sunos]
    requiresBuild: true
    dev: true
    optional: true

  /esbuild-windows-32/0.14.29:
    resolution: {integrity: sha512-uoyb0YAJ6uWH4PYuYjfGNjvgLlb5t6b3zIaGmpWPOjgpr1Nb3SJtQiK4YCPGhONgfg2v6DcJgSbOteuKXhwqAw==}
    engines: {node: '>=12'}
    cpu: [ia32]
    os: [win32]
    requiresBuild: true
    dev: true
    optional: true

  /esbuild-windows-64/0.14.29:
    resolution: {integrity: sha512-X9cW/Wl95QjsH8WUyr3NqbmfdU72jCp71cH3pwPvI4CgBM2IeOUDdbt6oIGljPu2bf5eGDIo8K3Y3vvXCCTd8A==}
    engines: {node: '>=12'}
    cpu: [x64]
    os: [win32]
    requiresBuild: true
    dev: true
    optional: true

  /esbuild-windows-arm64/0.14.29:
    resolution: {integrity: sha512-+O/PI+68fbUZPpl3eXhqGHTGK7DjLcexNnyJqtLZXOFwoAjaXlS5UBCvVcR3o2va+AqZTj8o6URaz8D2K+yfQQ==}
    engines: {node: '>=12'}
    cpu: [arm64]
    os: [win32]
    requiresBuild: true
    dev: true
    optional: true

  /esbuild/0.12.29:
    resolution: {integrity: sha512-w/XuoBCSwepyiZtIRsKsetiLDUVGPVw1E/R3VTFSecIy8UR7Cq3SOtwKHJMFoVqqVG36aGkzh4e8BvpO1Fdc7g==}
    hasBin: true
    requiresBuild: true
    dev: true

  /esbuild/0.14.29:
    resolution: {integrity: sha512-SQS8cO8xFEqevYlrHt6exIhK853Me4nZ4aMW6ieysInLa0FMAL+AKs87HYNRtR2YWRcEIqoXAHh+Ytt5/66qpg==}
    engines: {node: '>=12'}
    hasBin: true
    requiresBuild: true
    optionalDependencies:
      esbuild-android-64: 0.14.29
      esbuild-android-arm64: 0.14.29
      esbuild-darwin-64: 0.14.29
      esbuild-darwin-arm64: 0.14.29
      esbuild-freebsd-64: 0.14.29
      esbuild-freebsd-arm64: 0.14.29
      esbuild-linux-32: 0.14.29
      esbuild-linux-64: 0.14.29
      esbuild-linux-arm: 0.14.29
      esbuild-linux-arm64: 0.14.29
      esbuild-linux-mips64le: 0.14.29
      esbuild-linux-ppc64le: 0.14.29
      esbuild-linux-riscv64: 0.14.29
      esbuild-linux-s390x: 0.14.29
      esbuild-netbsd-64: 0.14.29
      esbuild-openbsd-64: 0.14.29
      esbuild-sunos-64: 0.14.29
      esbuild-windows-32: 0.14.29
      esbuild-windows-64: 0.14.29
      esbuild-windows-arm64: 0.14.29
    dev: true

  /estree-walker/2.0.2:
    resolution: {integrity: sha512-Rfkk/Mp/DL7JVje3u18FxFujQlTNR2q6QfMSMB7AvCBx91NGj/ba3kCfza0f6dVDbw7YlRf/nDrn7pQrCCyQ/w==}
    dev: true

  /fast-glob/3.2.11:
    resolution: {integrity: sha512-xrO3+1bxSo3ZVHAnqzyuewYT6aMFHRAd4Kcs92MAonjwQZLsK9d0SF1IyQ3k5PoirxTW0Oe/RqFgMQ6TcNE5Ew==}
    engines: {node: '>=8.6.0'}
    dependencies:
      '@nodelib/fs.stat': 2.0.5
      '@nodelib/fs.walk': 1.2.8
      glob-parent: 5.1.2
      merge2: 1.4.1
      micromatch: 4.0.4
    dev: true

  /fastq/1.13.0:
    resolution: {integrity: sha512-YpkpUnK8od0o1hmeSc7UUs/eB/vIPWJYjKck2QKIzAf71Vm1AAQ3EbuZB3g2JIy+pg+ERD0vqI79KyZiB2e2Nw==}
    dependencies:
      reusify: 1.0.4
    dev: true

  /fenceparser/1.1.1:
    resolution: {integrity: sha512-VdkTsK7GWLT0VWMK5S5WTAPn61wJ98WPFwJiRHumhg4ESNUO/tnkU8bzzzc62o6Uk1SVhuZFLnakmDA4SGV7wA==}
    engines: {node: '>=12'}
    dev: true

  /file-uri-to-path/1.0.0:
    resolution: {integrity: sha512-0Zt+s3L7Vf1biwWZ29aARiVYLx7iMGnEUl9x33fbB/j3jR81u/O2LbqK+Bm1CDSNDKVtJ/YjwY7TUd5SkeLQLw==}
    dev: true

  /fill-range/7.0.1:
    resolution: {integrity: sha512-qOo9F+dMUmC2Lcb4BbVvnKJxTPjCm+RRpe4gDuGrzkL7mEVl/djYSu2OdQ2Pa302N4oqkSg9ir6jaLWJ2USVpQ==}
    engines: {node: '>=8'}
    dependencies:
      to-regex-range: 5.0.1

  /find-up/3.0.0:
    resolution: {integrity: sha512-1yD6RmLI1XBfxugvORwlck6f75tYL+iR0jqwsOrOxMZyGYqUuDhJ0l4AXdO1iX/FTs9cBAMEk1gWSEx1kSbylg==}
    engines: {node: '>=6'}
    dependencies:
      locate-path: 3.0.0
    dev: true

  /fs-extra/10.0.1:
    resolution: {integrity: sha512-NbdoVMZso2Lsrn/QwLXOy6rm0ufY2zEOKCDzJR/0kBsb0E6qed0P3iYK+Ath3BfvXEeu4JhEtXLgILx5psUfag==}
    engines: {node: '>=12'}
    dependencies:
      graceful-fs: 4.2.9
      jsonfile: 6.1.0
      universalify: 2.0.0
    dev: true

  /fs.realpath/1.0.0:
    resolution: {integrity: sha1-FQStJSMVjKpA20onh8sBQRmU6k8=}
    dev: true

  /fsevents/2.3.2:
    resolution: {integrity: sha512-xiqMQR4xAeHTuB9uWm+fFRcIOgKBMiOBP+eXiyT7jsgVCq1bkVygt00oASowB7EdtpOHaaPgKt812P9ab+DDKA==}
    engines: {node: ^8.16.0 || ^10.6.0 || >=11.0.0}
    os: [darwin]
    requiresBuild: true
    optional: true

  /function-bind/1.1.1:
    resolution: {integrity: sha512-yIovAzMX49sF8Yl58fSCWJ5svSLuaibPxXQJFLmBObTuCr0Mf1KiPopGM9NiFjiYBCbfaa2Fh6breQ6ANVTI0A==}
    dev: true

  /get-caller-file/2.0.5:
    resolution: {integrity: sha512-DyFP3BM/3YHTQOCUL/w0OZHR0lpKeGrxotcHWcqNEdnltqFwXVfhEBQ94eIo34AfQpo0rGki4cyIiftY06h2Fg==}
    engines: {node: 6.* || 8.* || >= 10.*}
    dev: true

  /glob-parent/5.1.2:
    resolution: {integrity: sha512-AOIgSQCepiJYwP3ARnGx+5VnTu2HBYdzbGP45eLw1vr3zB3vZLeyed1sC9hnbcOc9/SrMyM5RPQrkGz4aS9Zow==}
    engines: {node: '>= 6'}
    dependencies:
      is-glob: 4.0.3

  /glob/7.2.0:
    resolution: {integrity: sha512-lmLf6gtyrPq8tTjSmrO94wBeQbFR3HbLHbuyD69wuyQkImp2hWqMGB47OX65FBkPffO641IP9jWa1z4ivqG26Q==}
    dependencies:
      fs.realpath: 1.0.0
      inflight: 1.0.6
      inherits: 2.0.4
      minimatch: 3.1.2
      once: 1.4.0
      path-is-absolute: 1.0.1
    dev: true

  /globalyzer/0.1.0:
    resolution: {integrity: sha512-40oNTM9UfG6aBmuKxk/giHn5nQ8RVz/SS4Ir6zgzOv9/qC3kKZ9v4etGTcJbEl/NyVQH7FGU7d+X1egr57Md2Q==}
    dev: true

  /globrex/0.1.2:
    resolution: {integrity: sha512-uHJgbwAMwNFf5mLst7IWLNg14x1CkeqglJb/K3doi4dw6q2IvAAmM/Y81kevy83wP+Sst+nutFTYOGg3d1lsxg==}
    dev: true

  /graceful-fs/4.2.9:
    resolution: {integrity: sha512-NtNxqUcXgpW2iMrfqSfR73Glt39K+BLwWsPs94yR63v45T0Wbej7eRmL5cWfwEgqXnmjQp3zaJTshdRW/qC2ZQ==}
    dev: true

  /has/1.0.3:
    resolution: {integrity: sha512-f2dvO0VU6Oej7RkWJGrehjbzMAjFp5/VKPp5tTpWIV4JHHZK1/BxbFRtf/siA2SWTe09caDmVtYYzWEIbBS4zw==}
    engines: {node: '>= 0.4.0'}
    dependencies:
      function-bind: 1.1.1
    dev: true

  /immutable/4.0.0:
    resolution: {integrity: sha512-zIE9hX70qew5qTUjSS7wi1iwj/l7+m54KWU247nhM3v806UdGj1yDndXj+IOYxxtW9zyLI+xqFNZjTuDaLUqFw==}
    dev: false

  /import-fresh/3.3.0:
    resolution: {integrity: sha512-veYYhQa+D1QBKznvhUHxb8faxlrwUnxseDAbAp457E0wLNio2bOSKnjYDhMj+YiAq61xrMGhQk9iXVk5FzgQMw==}
    engines: {node: '>=6'}
    dependencies:
      parent-module: 1.0.1
      resolve-from: 4.0.0
    dev: true

  /inflight/1.0.6:
    resolution: {integrity: sha1-Sb1jMdfQLQwJvJEKEHW6gWW1bfk=}
    dependencies:
      once: 1.4.0
      wrappy: 1.0.2
    dev: true

  /inherits/2.0.4:
    resolution: {integrity: sha512-k/vGaX4/Yla3WzyMCvTQOXYeIHvqOKtnqBduzTHpzpQZzAskKMhZ2K+EnBiSM9zGSoIFeMpXKxa4dYeZIQqewQ==}
    dev: true

  /is-binary-path/2.1.0:
    resolution: {integrity: sha512-ZMERYes6pDydyuGidse7OsHxtbI7WVeUEozgR/g7rd0xUimYNlvZRE/K2MgZTjWy725IfelLeVcEM97mmtRGXw==}
    engines: {node: '>=8'}
    dependencies:
      binary-extensions: 2.2.0

  /is-core-module/2.8.1:
    resolution: {integrity: sha512-SdNCUs284hr40hFTFP6l0IfZ/RSrMXF3qgoRHd3/79unUTvrFO/JoXwkGm+5J/Oe3E/b5GsnG330uUNgRpu1PA==}
    dependencies:
      has: 1.0.3
    dev: true

  /is-extglob/2.1.1:
    resolution: {integrity: sha1-qIwCU1eR8C7TfHahueqXc8gz+MI=}
    engines: {node: '>=0.10.0'}

  /is-fullwidth-code-point/2.0.0:
    resolution: {integrity: sha1-o7MKXE8ZkYMWeqq5O+764937ZU8=}
    engines: {node: '>=4'}
    dev: true

  /is-glob/4.0.3:
    resolution: {integrity: sha512-xelSayHH36ZgE7ZWhli7pW34hNbNl8Ojv5KVmkJD4hBdD3th8Tfk9vYasLM+mXWOZhFkgZfxhLSnrwRr4elSSg==}
    engines: {node: '>=0.10.0'}
    dependencies:
      is-extglob: 2.1.1

  /is-number/7.0.0:
    resolution: {integrity: sha512-41Cifkg6e8TylSpdtTpeLVMqvSBEVzTttHvERD741+pnZ8ANv0004MRL43QKPDlK9cGvNp6NZWZUBlbGXYxxng==}
    engines: {node: '>=0.12.0'}

  /js-yaml/4.1.0:
    resolution: {integrity: sha512-wpxZs9NoxZaJESJGIZTyDEaYpl0FKSA+FB9aJiyemKhMwkxQg63h4T1KJgUGHpTqPDNRcmmYLugrRjJlBtWvRA==}
    hasBin: true
    dependencies:
      argparse: 2.0.1
    dev: true

  /jsonc-parser/3.0.0:
    resolution: {integrity: sha512-fQzRfAbIBnR0IQvftw9FJveWiHp72Fg20giDrHz6TdfB12UH/uue0D3hm57UB5KgAVuniLMCaS8P1IMj9NR7cA==}
    dev: true

  /jsonfile/6.1.0:
    resolution: {integrity: sha512-5dgndWOriYSm5cnYaJNhalLNDKOqFwyDB/rr1E9ZsGciGvKPs8R2xYGCacuf3z6K1YKDz182fd+fY3cn3pMqXQ==}
    dependencies:
      universalify: 2.0.0
    optionalDependencies:
      graceful-fs: 4.2.9
    dev: true

  /kleur/4.1.4:
    resolution: {integrity: sha512-8QADVssbrFjivHWQU7KkMgptGTl6WAcSdlbBPY4uNF+mWr6DGcKrvY2w4FQJoXch7+fKMjj0dRrL75vk3k23OA==}
    engines: {node: '>=6'}
    dev: true

  /linkify-it/3.0.3:
    resolution: {integrity: sha512-ynTsyrFSdE5oZ/O9GEf00kPngmOfVwazR5GKDq6EYfhlpFug3J2zybX56a2PRRpc9P+FuSoGNAwjlbDs9jJBPQ==}
    dependencies:
      uc.micro: 1.0.6
    dev: true

  /locate-path/3.0.0:
    resolution: {integrity: sha512-7AO748wWnIhNqAuaty2ZWHkQHRSNfPVIsPIfwEOWO22AmaoVrWavlOcMR5nzTLNYvp36X220/maaRsrec1G65A==}
    engines: {node: '>=6'}
    dependencies:
      p-locate: 3.0.0
      path-exists: 3.0.0
    dev: true

  /lodash.debounce/4.0.8:
    resolution: {integrity: sha1-gteb/zCmfEAF/9XiUVMArZyk168=}
    dev: true

  /lodash.throttle/4.1.1:
    resolution: {integrity: sha1-wj6RtxAkKscMN/HhzaknTMOb8vQ=}
    dev: true

  /lru-cache/5.1.1:
    resolution: {integrity: sha512-KpNARQA3Iwv+jTA0utUVVbrh+Jlrr1Fv0e56GGzAFOXN7dk/FviaDW8LHmK52DlcH4WP2n6gI8vN1aesBFgo9w==}
    dependencies:
      yallist: 3.1.1
    dev: true

  /lz-string/1.4.4:
    resolution: {integrity: sha1-wNjq82BZ9wV5bh40SBHPTEmNOiY=}
    hasBin: true
    dev: true

  /magic-string/0.25.9:
    resolution: {integrity: sha512-RmF0AsMzgt25qzqqLc1+MbHmhdx0ojF2Fvs4XnOqz2ZOBXzzkEwc/dJQZCYHAn7v1jbVOjAZfK8msRn4BxO4VQ==}
    dependencies:
      sourcemap-codec: 1.4.8
    dev: true

  /magic-string/0.26.1:
    resolution: {integrity: sha512-ndThHmvgtieXe8J/VGPjG+Apu7v7ItcD5mhEIvOscWjPF/ccOiLxHaSuCAS2G+3x4GKsAbT8u7zdyamupui8Tg==}
    engines: {node: '>=12'}
    dependencies:
      sourcemap-codec: 1.4.8
    dev: true

  /markdown-it-shiki-twoslash/2.0.23:
    resolution: {integrity: sha512-apruZbiqERqVZnwaFiHVVDoT71OM6MldAaTiSucap48Dyg6wMKYOZ4T1G0M0M4b1Jp1kxw7Myk1m+NsjGdGHTA==}
    dependencies:
      deasync: 0.1.26
      remark-shiki-twoslash: 3.0.9
    transitivePeerDependencies:
      - supports-color
    dev: true

  /markdown-it/12.3.2:
    resolution: {integrity: sha512-TchMembfxfNVpHkbtriWltGWc+m3xszaRD0CZup7GFFhzIgQqxIfn3eGj1yZpfuflzPvfkt611B2Q/Bsk1YnGg==}
    hasBin: true
    dependencies:
      argparse: 2.0.1
      entities: 2.1.0
      linkify-it: 3.0.3
      mdurl: 1.0.1
      uc.micro: 1.0.6
    dev: true

  /mdurl/1.0.1:
    resolution: {integrity: sha1-/oWy7HWlkDfyrf7BAP1sYBdhFS4=}
    dev: true

  /merge2/1.4.1:
    resolution: {integrity: sha512-8q7VEgMJW4J8tcfVPy8g09NcQwZdbwFEqhe/WZkoIzjn/3TGDwtOCYtXGxA3O8tPzpczCCDgv+P2P5y00ZJOOg==}
    engines: {node: '>= 8'}
    dev: true

  /micromatch/4.0.4:
    resolution: {integrity: sha512-pRmzw/XUcwXGpD9aI9q/0XOwLNygjETJ8y0ao0wdqprrzDa4YnxLcz7fQRZr8voh8V10kGhABbNcHVk5wHgWwg==}
    engines: {node: '>=8.6'}
    dependencies:
      braces: 3.0.2
      picomatch: 2.3.1
    dev: true

  /min-indent/1.0.1:
    resolution: {integrity: sha512-I9jwMn07Sy/IwOj3zVkVik2JTvgpaykDZEigL6Rx6N9LbMywwUSMtxET+7lVoDLLd3O3IXwJwvuuns8UB/HeAg==}
    engines: {node: '>=4'}
    dev: true

  /minimatch/3.1.2:
    resolution: {integrity: sha512-J7p63hRiAjw1NDEww1W7i37+ByIrOWO5XQQAzZ3VOcL0PNybwpfmV/N05zFAzwQ9USyEcX6t3UO+K5aqBQOIHw==}
    dependencies:
      brace-expansion: 1.1.11
    dev: true

  /minimist/1.2.5:
    resolution: {integrity: sha512-FM9nNUYrRBAELZQT3xeZQ7fmMOBg6nWNmJKTcgsJeaLstP/UODVpGsr5OhXhhXg6f+qtJ8uiZ+PUxkDWcgIXLw==}
    dev: true

  /mkdirp/0.5.5:
    resolution: {integrity: sha512-NKmAlESf6jMGym1++R0Ra7wvhV+wFW63FaSOFPwRahvea0gMUcGUhVeAg/0BC0wiv9ih5NYPB1Wn1UEI1/L+xQ==}
    hasBin: true
    dependencies:
      minimist: 1.2.5
    dev: true

  /mri/1.2.0:
    resolution: {integrity: sha512-tzzskb3bG8LvYGFF/mDTpq3jpI6Q9wc3LEmBaghu+DdCssd1FakN7Bc0hVNmEyGq1bq3RgfkCb3cmQLpNPOroA==}
    engines: {node: '>=4'}
    dev: true

  /mrmime/1.0.0:
    resolution: {integrity: sha512-a70zx7zFfVO7XpnQ2IX1Myh9yY4UYvfld/dikWRnsXxbyvMcfz+u6UfgNAtH+k2QqtJuzVpv6eLTx1G2+WKZbQ==}
    engines: {node: '>=10'}
    dev: true

  /ms/2.1.2:
    resolution: {integrity: sha512-sGkPx+VjMtmA6MX27oA4FBFELFCZZ4S4XqeGOXCv68tT+jb3vk/RyaKWP0PTKyWtmLSM0b+adUTEvbs1PEaH2w==}
    dev: true

  /nanoid/3.3.1:
    resolution: {integrity: sha512-n6Vs/3KGyxPQd6uO0eH4Bv0ojGSUvuLlIHtC3Y0kEO23YRge8H9x1GCzLn28YX0H66pMkxuaeESFq4tKISKwdw==}
    engines: {node: ^10 || ^12 || ^13.7 || ^14 || >=15.0.1}
    hasBin: true
    dev: true

  /node-addon-api/1.7.2:
    resolution: {integrity: sha512-ibPK3iA+vaY1eEjESkQkM0BbCqFOaZMiXRTtdB0u7b4djtY6JnsjvPdUHVMg6xQt3B8fpTTWHI9A+ADjM9frzg==}
    dev: true

  /normalize-path/3.0.0:
    resolution: {integrity: sha512-6eZs5Ls3WtCisHWp9S2GUy8dqkpGi4BVSz3GaqiE6ezub0512ESztXUwUB6C6IKbQkY2Pnb/mD4WYojCRwcwLA==}
    engines: {node: '>=0.10.0'}

  /once/1.4.0:
    resolution: {integrity: sha1-WDsap3WWHUsROsF9nFC6753Xa9E=}
    dependencies:
      wrappy: 1.0.2
    dev: true

  /onigasm/2.2.5:
    resolution: {integrity: sha512-F+th54mPc0l1lp1ZcFMyL/jTs2Tlq4SqIHKIXGZOR/VkHkF9A7Fr5rRr5+ZG/lWeRsyrClLYRq7s/yFQ/XhWCA==}
    dependencies:
      lru-cache: 5.1.1
    dev: true

  /p-limit/2.3.0:
    resolution: {integrity: sha512-//88mFWSJx8lxCzwdAABTJL2MyWB12+eIY7MDL2SqLmAkeKU9qxRvWuSyTjm3FUmpBEMuFfckAIqEaVGUDxb6w==}
    engines: {node: '>=6'}
    dependencies:
      p-try: 2.2.0
    dev: true

  /p-locate/3.0.0:
    resolution: {integrity: sha512-x+12w/To+4GFfgJhBEpiDcLozRJGegY+Ei7/z0tSLkMmxGZNybVMSfWj9aJn8Z5Fc7dBUNJOOVgPv2H7IwulSQ==}
    engines: {node: '>=6'}
    dependencies:
      p-limit: 2.3.0
    dev: true

  /p-try/2.2.0:
    resolution: {integrity: sha512-R4nPAVTAU0B9D35/Gk3uJf/7XYbQcyohSKdvAxIRSNghFl4e71hVoGnBNQz9cWaXxO2I10KTC+3jMdvvoKw6dQ==}
    engines: {node: '>=6'}
    dev: true

  /parent-module/1.0.1:
    resolution: {integrity: sha512-GQ2EWRpQV8/o+Aw8YqtfZZPfNRWZYkbidE9k5rpl/hC3vtHHBfGm2Ifi6qWV+coDGkrUKZAxE3Lot5kcsRlh+g==}
    engines: {node: '>=6'}
    dependencies:
      callsites: 3.1.0
    dev: true

  /path-exists/3.0.0:
    resolution: {integrity: sha1-zg6+ql94yxiSXqfYENe1mwEP1RU=}
    engines: {node: '>=4'}
    dev: true

  /path-is-absolute/1.0.1:
    resolution: {integrity: sha1-F0uSaHNVNP+8es5r9TpanhtcX18=}
    engines: {node: '>=0.10.0'}
    dev: true

  /path-parse/1.0.7:
    resolution: {integrity: sha512-LDJzPVEEEPR+y48z93A0Ed0yXb8pAByGWo/k5YYdYgpY2/2EsOsksJrq7lOHxryrVOn1ejG6oAp8ahvOIQD8sw==}
    dev: true

  /picocolors/1.0.0:
    resolution: {integrity: sha512-1fygroTLlHu66zi26VoTDv8yRgm0Fccecssto+MhsZ0D/DGW2sm8E8AjW7NU5VVTRt5GxbeZ5qBuJr+HyLYkjQ==}
    dev: true

  /picomatch/2.3.1:
    resolution: {integrity: sha512-JU3teHTNjmE2VCGFzuY8EXzCDVwEqB2a8fsIvwaStHhAWJEeVd1o1QD80CU6+ZdEXXSLbSsuLwJjkCBWqRQUVA==}
    engines: {node: '>=8.6'}

  /postcss/8.4.12:
    resolution: {integrity: sha512-lg6eITwYe9v6Hr5CncVbK70SoioNQIq81nsaG86ev5hAidQvmOeETBqs7jm43K2F5/Ley3ytDtriImV6TpNiSg==}
    engines: {node: ^10 || ^12 || >=14}
    dependencies:
      nanoid: 3.3.1
      picocolors: 1.0.0
      source-map-js: 1.0.2
    dev: true

  /prettier-plugin-svelte/2.6.0_prettier@2.5.1+svelte@3.46.4:
    resolution: {integrity: sha512-NPSRf6Y5rufRlBleok/pqg4+1FyGsL0zYhkYP6hnueeL1J/uCm3OfOZPsLX4zqD9VAdcXfyEL2PYqGv8ZoOSfA==}
    peerDependencies:
      prettier: ^1.16.4 || ^2.0.0
      svelte: ^3.2.0
    dependencies:
      prettier: 2.5.1
      svelte: 3.46.4
    dev: true

  /prettier/2.5.1:
    resolution: {integrity: sha512-vBZcPRUR5MZJwoyi3ZoyQlc1rXeEck8KgeC9AwwOn+exuxLxq5toTRDTSaVrXHxelDMHy9zlicw8u66yxoSUFg==}
    engines: {node: '>=10.13.0'}
    hasBin: true
    dev: true

  /queue-microtask/1.2.3:
    resolution: {integrity: sha512-NuaNSa6flKT5JaSYQzJok04JzTL1CA6aGhv5rfLW3PgqA+M2ChpZQnAC8h8i4ZFkBS8X5RqkDBHA7r4hej3K9A==}
    dev: true

  /readdirp/3.6.0:
    resolution: {integrity: sha512-hOS089on8RduqdbhvQ5Z37A0ESjsqz6qnRcffsMU3495FuTdqSm+7bhJ29JvIOsBDEEnan5DPu9t3To9VRlMzA==}
    engines: {node: '>=8.10.0'}
    dependencies:
      picomatch: 2.3.1

  /regenerator-runtime/0.13.9:
    resolution: {integrity: sha512-p3VT+cOEgxFsRRA9X4lkI1E+k2/CtnKtU4gcxyaCUreilL/vqI6CdZ3wxVUx3UOUg+gnUOQQcRI7BmSI656MYA==}
    dev: true

  /regexparam/2.0.0:
    resolution: {integrity: sha512-gJKwd2MVPWHAIFLsaYDZfyKzHNS4o7E/v8YmNf44vmeV2e4YfVoDToTOKTvE7ab68cRJ++kLuEXJBaEeJVt5ow==}
    engines: {node: '>=8'}
    dev: true

  /remark-shiki-twoslash/3.0.9:
    resolution: {integrity: sha512-durv6l16O8F5XY0b0WduewxlOnnc1B83fxWFDOfGX9ehvHw+xcPJbjurDy8m99EpvC5Q/kUG4fbSSK/HwpYxCw==}
    dependencies:
      '@typescript/twoslash': 3.1.0
      '@typescript/vfs': 1.3.4
      fenceparser: 1.1.1
      regenerator-runtime: 0.13.9
      shiki: 0.9.11
      shiki-twoslash: 3.0.2
      tslib: 2.1.0
      typescript: 4.5.5
      unist-util-visit: 2.0.3
    transitivePeerDependencies:
      - supports-color
    dev: true

  /require-directory/2.1.1:
    resolution: {integrity: sha1-jGStX9MNqxyXbiNE/+f3kqam30I=}
    engines: {node: '>=0.10.0'}
    dev: true

  /require-main-filename/2.0.0:
    resolution: {integrity: sha512-NKN5kMDylKuldxYLSUfrbo5Tuzh4hd+2E8NPPX02mZtn1VuREQToYe/ZdlJy+J3uCpfaiGF05e7B8W0iXbQHmg==}
    dev: true

  /resolve-from/4.0.0:
    resolution: {integrity: sha512-pb/MYmXstAkysRFx8piNI1tGFNQIFA3vkE3Gq4EuA1dF6gHp/+vgZqsCGJapvy8N3Q+4o7FwvquPJcnZ7RYy4g==}
    engines: {node: '>=4'}
    dev: true

  /resolve/1.22.0:
    resolution: {integrity: sha512-Hhtrw0nLeSrFQ7phPp4OOcVjLPIeMnRlr5mcnVuMe7M/7eBn98A3hmFRLoFo3DLZkivSYwhRUJTyPyWAk56WLw==}
    hasBin: true
    dependencies:
      is-core-module: 2.8.1
      path-parse: 1.0.7
      supports-preserve-symlinks-flag: 1.0.0
    dev: true

  /reusify/1.0.4:
    resolution: {integrity: sha512-U9nH88a3fc/ekCF1l0/UP1IosiuIjyTh7hBvXVMHYgVcfGvt897Xguj2UOLDeI5BG2m7/uwyaLVT6fbtCwTyzw==}
    engines: {iojs: '>=1.0.0', node: '>=0.10.0'}
    dev: true

  /rimraf/2.7.1:
    resolution: {integrity: sha512-uWjbaKIK3T1OSVptzX7Nl6PvQ3qAGtKEtVRjRuazjfL3Bx5eI409VZSqgND+4UNnmzLVdPj9FqFJNPqBZFve4w==}
    hasBin: true
    dependencies:
      glob: 7.2.0
    dev: true

  /rollup/2.69.0:
    resolution: {integrity: sha512-kjER91tHyek8gAkuz7+558vSnTQ+pITEok1P0aNOS45ZXyngaqPsXJmSel4QPQnJo7EJMjXUU1/GErWkWiKORg==}
    engines: {node: '>=10.0.0'}
    hasBin: true
    optionalDependencies:
      fsevents: 2.3.2
    dev: true

  /run-parallel/1.2.0:
    resolution: {integrity: sha512-5l4VyZR86LZ/lDxZTR6jqL8AFE2S0IFLMP26AbjsLVADxHdhB/c0GUsH+y39UfCi3dzz8OlQuPmnaJOMoDHQBA==}
    dependencies:
      queue-microtask: 1.2.3
    dev: true

  /sade/1.8.1:
    resolution: {integrity: sha512-xal3CZX1Xlo/k4ApwCFrHVACi9fBqJ7V+mwhBsuf/1IOKbBy098Fex+Wa/5QMubw09pSZ/u8EY8PWgevJsXp1A==}
    engines: {node: '>=6'}
    dependencies:
      mri: 1.2.0
    dev: true

  /sander/0.5.1:
    resolution: {integrity: sha1-dB4kXiMfB8r7b98PEzrfohalAq0=}
    dependencies:
      es6-promise: 3.3.1
      graceful-fs: 4.2.9
      mkdirp: 0.5.5
      rimraf: 2.7.1
    dev: true

  /sass/1.49.9:
    resolution: {integrity: sha512-YlYWkkHP9fbwaFRZQRXgDi3mXZShslVmmo+FVK3kHLUELHHEYrCmL1x6IUjC7wLS6VuJSAFXRQS/DxdsC4xL1A==}
    engines: {node: '>=12.0.0'}
    hasBin: true
    dependencies:
      chokidar: 3.5.3
      immutable: 4.0.0
      source-map-js: 1.0.2
    dev: false

  /set-blocking/2.0.0:
    resolution: {integrity: sha1-BF+XgtARrppoA93TgrJDkrPYkPc=}
    dev: true

  /shiki-twoslash/3.0.2:
    resolution: {integrity: sha512-2VxUykJ0ETWxageixkfKcMjK5mpMYxJU3uhAoscTZnfX/iq+bWnEpLZnsrcErMJrD85orxABMw5w/GoO4nUiqg==}
    dependencies:
      '@typescript/twoslash': 3.1.0
      '@typescript/vfs': 1.3.4
      shiki: 0.9.11
      typescript: 4.5.5
    transitivePeerDependencies:
      - supports-color
    dev: true

  /shiki/0.9.11:
    resolution: {integrity: sha512-tjruNTLFhU0hruCPoJP0y+B9LKOmcqUhTpxn7pcJB3fa+04gFChuEmxmrUfOJ7ZO6Jd+HwMnDHgY3lv3Tqonuw==}
    dependencies:
      jsonc-parser: 3.0.0
      onigasm: 2.2.5
      vscode-textmate: 5.2.0
    dev: true

  /sorcery/0.10.0:
    resolution: {integrity: sha1-iukK19fLBfxZ8asMY3hF1cFaUrc=}
    hasBin: true
    dependencies:
      buffer-crc32: 0.2.13
      minimist: 1.2.5
      sander: 0.5.1
      sourcemap-codec: 1.4.8
    dev: true

  /source-map-js/1.0.2:
    resolution: {integrity: sha512-R0XvVJ9WusLiqTCEiGCmICCMplcCkIwwR11mOSD9CR5u+IXYdiseeEuXCVAjS54zqwkLcPNnmU4OeJ6tUrWhDw==}
    engines: {node: '>=0.10.0'}

  /source-map/0.7.3:
    resolution: {integrity: sha512-CkCj6giN3S+n9qrYiBTX5gystlENnRW5jZeNLHpe6aue+SrHcG5VYwujhW9s4dY31mEGsxBDrHR6oI69fTXsaQ==}
    engines: {node: '>= 8'}
    dev: true

  /sourcemap-codec/1.4.8:
    resolution: {integrity: sha512-9NykojV5Uih4lgo5So5dtw+f0JgJX30KCNI8gwhz2J9A15wD0Ml6tjHKwf6fTSa6fAdVBdZeNOs9eJ71qCk8vA==}
    dev: true

  /string-width/3.1.0:
    resolution: {integrity: sha512-vafcv6KjVZKSgz06oM/H6GDBrAtz8vdhQakGjFIvNrHA6y3HCF1CInLy+QLq8dTJPQ1b+KDUqDFctkdRW44e1w==}
    engines: {node: '>=6'}
    dependencies:
      emoji-regex: 7.0.3
      is-fullwidth-code-point: 2.0.0
      strip-ansi: 5.2.0
    dev: true

  /strip-ansi/5.2.0:
    resolution: {integrity: sha512-DuRs1gKbBqsMKIZlrffwlug8MHkcnpjs5VPmL1PAh+mA30U0DTotfDZ0d2UUsXpPmPmMMJ6W773MaA3J+lbiWA==}
    engines: {node: '>=6'}
    dependencies:
      ansi-regex: 4.1.1
    dev: true

  /strip-indent/3.0.0:
    resolution: {integrity: sha512-laJTa3Jb+VQpaC6DseHhF7dXVqHTfJPCRDaEbid/drOhgitgYku/letMUqOXFoWV0zIIUbjpdH2t+tYj4bQMRQ==}
    engines: {node: '>=8'}
    dependencies:
      min-indent: 1.0.1
    dev: true

  /supports-preserve-symlinks-flag/1.0.0:
    resolution: {integrity: sha512-ot0WnXS9fgdkgIcePe6RHNk1WA8+muPa6cSjeR3V8K27q9BB1rTE3R1p7Hv0z1ZyAc8s6Vvv8DIyWf681MAt0w==}
    engines: {node: '>= 0.4'}
    dev: true

  /svelte-check/2.4.5_sass@1.49.9+svelte@3.46.4:
    resolution: {integrity: sha512-nRft8BbG2wcxyCdHDZ7X43xLcvDzua3xLwq6wzHGcAF3ka3Jyhv2rvgq0+SF9NwHLMefp9C2XkM6etzsxK/cMQ==}
    hasBin: true
    peerDependencies:
      svelte: ^3.24.0
    dependencies:
      chokidar: 3.5.3
      fast-glob: 3.2.11
      import-fresh: 3.3.0
      minimist: 1.2.5
      picocolors: 1.0.0
      sade: 1.8.1
      source-map: 0.7.3
      svelte: 3.46.4
      svelte-preprocess: 4.10.4_823e58c2ad1581bc439b02283f0330d6
      typescript: 4.5.5
    transitivePeerDependencies:
      - '@babel/core'
      - coffeescript
      - less
      - node-sass
      - postcss
      - postcss-load-config
      - pug
      - sass
      - stylus
      - sugarss
    dev: true

  /svelte-hmr/0.14.10_svelte@3.46.4:
    resolution: {integrity: sha512-VffsN0fT4cTJ7b4apf9VDIrgsbLFaJzPypcAuy4NcHx2PKKayfwLwabaYPWdHK5lJ/uQ/HBrkEsWHzo64NU6mQ==}
    engines: {node: ^12.20 || ^14.13.1 || >= 16}
    peerDependencies:
      svelte: '>=3.19.0'
    dependencies:
      svelte: 3.46.4
    dev: true

  /svelte-material-icons/2.0.0:
    resolution: {integrity: sha512-ws1gW3YPciCSTqE4f/OXBYk7lBqOZXqyxguJdmhBmuOwHFhwwXWF/Ye2WjgXeMcIO1cKwtbX56vNjf9uQC8gqw==}
    dev: true

  /svelte-preprocess/4.10.4_823e58c2ad1581bc439b02283f0330d6:
    resolution: {integrity: sha512-fuwol0N4UoHsNQolLFbMqWivqcJ9N0vfWO9IuPAiX/5okfoGXURyJ6nECbuEIv0nU3M8Xe2I1ONNje2buk7l6A==}
    engines: {node: '>= 9.11.2'}
    requiresBuild: true
    peerDependencies:
      '@babel/core': ^7.10.2
      coffeescript: ^2.5.1
      less: ^3.11.3 || ^4.0.0
      node-sass: '*'
      postcss: ^7 || ^8
      postcss-load-config: ^2.1.0 || ^3.0.0
      pug: ^3.0.0
      sass: ^1.26.8
      stylus: ^0.55.0
      sugarss: ^2.0.0
      svelte: ^3.23.0
      typescript: ^3.9.5 || ^4.0.0
    peerDependenciesMeta:
      '@babel/core':
        optional: true
      coffeescript:
        optional: true
      less:
        optional: true
      node-sass:
        optional: true
      postcss:
        optional: true
      postcss-load-config:
        optional: true
      pug:
        optional: true
      sass:
        optional: true
      stylus:
        optional: true
      sugarss:
        optional: true
      typescript:
        optional: true
    dependencies:
      '@types/pug': 2.0.6
      '@types/sass': 1.43.1
      detect-indent: 6.1.0
      magic-string: 0.25.9
      sass: 1.49.9
      sorcery: 0.10.0
      strip-indent: 3.0.0
      svelte: 3.46.4
      typescript: 4.5.5
    dev: true

  /svelte/3.46.4:
    resolution: {integrity: sha512-qKJzw6DpA33CIa+C/rGp4AUdSfii0DOTCzj/2YpSKKayw5WGSS624Et9L1nU1k2OVRS9vaENQXp2CVZNU+xvIg==}
    engines: {node: '>= 8'}
    dev: true

  /tiny-glob/0.2.9:
    resolution: {integrity: sha512-g/55ssRPUjShh+xkfx9UPDXqhckHEsHr4Vd9zX55oSdGZc/MD0m3sferOkwWtp98bv+kcVfEHtRJgBVJzelrzg==}
    dependencies:
      globalyzer: 0.1.0
      globrex: 0.1.2
    dev: true

  /to-regex-range/5.0.1:
    resolution: {integrity: sha512-65P7iz6X5yEr1cwcgvQxbbIw7Uk3gOy5dIdtZ4rDveLqhrdJP+Li/Hx6tyK0NEb+2GCyneCMJiGqrADCSNk8sQ==}
    engines: {node: '>=8.0'}
    dependencies:
      is-number: 7.0.0

  /tslib/2.1.0:
    resolution: {integrity: sha512-hcVC3wYEziELGGmEEXue7D75zbwIIVUMWAVbHItGPx0ziyXxrOMQx4rQEVEV45Ut/1IotuEvwqPopzIOkDMf0A==}
    dev: true

  /tslib/2.3.1:
    resolution: {integrity: sha512-77EbyPPpMz+FRFRuAFlWMtmgUWGe9UOG2Z25NqCwiIjRhOf5iKGuzSe5P2w1laq+FkRy4p+PCuVkJSGkzTEKVw==}
    dev: true

  /typescript/4.5.5:
    resolution: {integrity: sha512-TCTIul70LyWe6IJWT8QSYeA54WQe8EjQFU4wY52Fasj5UKx88LNYKCgBEHcOMOrFF1rKGbD8v/xcNWVUq9SymA==}
    engines: {node: '>=4.2.0'}
    hasBin: true
    dev: true

  /uc.micro/1.0.6:
    resolution: {integrity: sha512-8Y75pvTYkLJW2hWQHXxoqRgV7qb9B+9vFEtidML+7koHUFapnVJAZ6cKs+Qjz5Aw3aZWHMC6u0wJE3At+nSGwA==}
    dev: true

  /unist-util-is/4.1.0:
    resolution: {integrity: sha512-ZOQSsnce92GrxSqlnEEseX0gi7GH9zTJZ0p9dtu87WRb/37mMPO2Ilx1s/t9vBHrFhbgweUwb+t7cIn5dxPhZg==}
    dev: true

  /unist-util-visit-parents/3.1.1:
    resolution: {integrity: sha512-1KROIZWo6bcMrZEwiH2UrXDyalAa0uqzWCxCJj6lPOvTve2WkfgCytoDTPaMnodXh1WrXOq0haVYHj99ynJlsg==}
    dependencies:
      '@types/unist': 2.0.6
      unist-util-is: 4.1.0
    dev: true

  /unist-util-visit/2.0.3:
    resolution: {integrity: sha512-iJ4/RczbJMkD0712mGktuGpm/U4By4FfDonL7N/9tATGIF4imikjOuagyMY53tnZq3NP6BcmlrHhEKAfGWjh7Q==}
    dependencies:
      '@types/unist': 2.0.6
      unist-util-is: 4.1.0
      unist-util-visit-parents: 3.1.1
    dev: true

  /universalify/2.0.0:
    resolution: {integrity: sha512-hAZsKq7Yy11Zu1DE0OzWjw7nnLZmJZYTDZZyEFHZdUhV8FkH5MCfoU1XMaxXovpyW5nq5scPqq0ZDP9Zyl04oQ==}
    engines: {node: '>= 10.0.0'}
    dev: true

  /vite/2.9.1_sass@1.49.9:
    resolution: {integrity: sha512-vSlsSdOYGcYEJfkQ/NeLXgnRv5zZfpAsdztkIrs7AZHV8RCMZQkwjo4DS5BnrYTqoWqLoUe1Cah4aVO4oNNqCQ==}
    engines: {node: '>=12.2.0'}
    hasBin: true
    peerDependencies:
      less: '*'
      sass: '*'
      stylus: '*'
    peerDependenciesMeta:
      less:
        optional: true
      sass:
        optional: true
      stylus:
        optional: true
    dependencies:
      esbuild: 0.14.29
      postcss: 8.4.12
      resolve: 1.22.0
      rollup: 2.69.0
      sass: 1.49.9
    optionalDependencies:
      fsevents: 2.3.2
    dev: true

  /vscode-textmate/5.2.0:
    resolution: {integrity: sha512-Uw5ooOQxRASHgu6C7GVvUxisKXfSgW4oFlO+aa+PAkgmH89O3CXxEEzNRNtHSqtXFTl0nAC1uYj0GMSH27uwtQ==}
    dev: true

  /which-module/2.0.0:
    resolution: {integrity: sha1-2e8H3Od7mQK4o6j6SzHD4/fm6Ho=}
    dev: true

  /worktop/0.8.0-next.12:
    resolution: {integrity: sha512-ZXdgI9XOf0uB4IegFoViLdQ0Bf7hish0XMHwuV3nopOXygfLJkwAC5+HyA+sihBMSM2sLLQ5uGnD5aknL8+NQg==}
    engines: {node: '>=12'}
    dependencies:
      mrmime: 1.0.0
      regexparam: 2.0.0
    dev: true

  /wrap-ansi/5.1.0:
    resolution: {integrity: sha512-QC1/iN/2/RPVJ5jYK8BGttj5z83LmSKmvbvrXPNCLZSEb32KKVDJDl/MOt2N01qU2H/FkzEa9PKto1BqDjtd7Q==}
    engines: {node: '>=6'}
    dependencies:
      ansi-styles: 3.2.1
      string-width: 3.1.0
      strip-ansi: 5.2.0
    dev: true

  /wrappy/1.0.2:
    resolution: {integrity: sha1-tSQ9jz7BqjXxNkYFvA0QNuMKtp8=}
    dev: true

  /y18n/4.0.3:
    resolution: {integrity: sha512-JKhqTOwSrqNA1NY5lSztJ1GrBiUodLMmIZuLiDaMRJ+itFd+ABVE8XBjOvIWL+rSqNDC74LCSFmlb/U4UZ4hJQ==}
    dev: true

  /yallist/3.1.1:
    resolution: {integrity: sha512-a4UGQaWPH59mOXUYnAG2ewncQS4i4F43Tv3JoAM+s2VDAmS9NsK8GpDMLrCHPksFT7h3K6TOoUNn2pb7RoXx4g==}
    dev: true

  /yargs-parser/13.1.2:
    resolution: {integrity: sha512-3lbsNRf/j+A4QuSZfDRA7HRSfWrzO0YjqTJd5kjAq37Zep1CEgaYmrH9Q3GwPiB9cHyd1Y1UwggGhJGoxipbzg==}
    dependencies:
      camelcase: 5.3.1
      decamelize: 1.2.0
    dev: true

  /yargs/13.3.2:
    resolution: {integrity: sha512-AX3Zw5iPruN5ie6xGRIDgqkT+ZhnRlZMLMHAs8tg7nRruy2Nb+i5o9bwghAogtM08q1dpr2LVoS8KSTMYpWXUw==}
    dependencies:
      cliui: 5.0.0
      find-up: 3.0.0
      get-caller-file: 2.0.5
      require-directory: 2.1.1
      require-main-filename: 2.0.0
      set-blocking: 2.0.0
      string-width: 3.1.0
      which-module: 2.0.0
      y18n: 4.0.3
      yargs-parser: 13.1.2
    dev: true
