# THIS IS AN AUTOGENERATED FILE. DO NOT EDIT THIS FILE DIRECTLY.
# yarn lockfile v1


"@digitak/bunker@^3.2.1":
  version "3.2.1"
  resolved "https://registry.yarnpkg.com/@digitak/bunker/-/bunker-3.2.1.tgz#9e7ab06c85cc2cec3d884fa92b9ad7e9b8b37dac"
  integrity sha512-BLTQYcb24M0edjMuQJUAqyx7+bUi/j3+hslxsPYJXo1BTxcPwUHzbm9Q0RL1e72OIqhsc+P8E6cCp/8J/sQYFQ==

"@digitak/gravity@../../core/package":
  version "0.0.1"
  dependencies:
    "@digitak/bunker" "^3.2.1"
    "@types/node" "^16.11.11"

"@types/node@^16.11.11":
  version "16.11.13"
  resolved "https://registry.yarnpkg.com/@types/node/-/node-16.11.13.tgz#6b71641b81a98c6a538d89892440c06f147edddc"
  integrity sha512-eUXZzHLHoZqj1frtUetNkUetYoJ6X55UmrVnFD4DMhVeAmwLjniZhtBmsRiemQh4uq4G3vUra/Ws/hs9vEvL3Q==
